
Microsoft Visual Studio Solution File, Format Version 12.00
# Visual Studio Version 16
VisualStudioVersion = 16.0.35325.158
MinimumVisualStudioVersion = 10.0.40219.1
Project("{FAE04EC0-301F-11D3-BF4B-00C04F79EFBC}") = "jobmvcproject", "jobmvcproject\jobmvcproject.csproj", "{6E0527D7-EB66-4893-8DAD-52150A663720}"
EndProject
Global
	GlobalSection(SolutionConfigurationPlatforms) = preSolution
		Debug|Any CPU = Debug|Any CPU
		Release|Any CPU = Release|Any CPU
	EndGlobalSection
	GlobalSection(ProjectConfigurationPlatforms) = postSolution
		{6E0527D7-EB66-4893-8DAD-52150A663720}.Debug|Any CPU.ActiveCfg = Debug|Any CPU
		{6E0527D7-EB66-4893-8DAD-52150A663720}.Debug|Any CPU.Build.0 = Debug|Any CPU
		{6E0527D7-EB66-4893-8DAD-52150A663720}.Release|Any CPU.ActiveCfg = Release|Any CPU
		{6E0527D7-EB66-4893-8DAD-52150A663720}.Release|Any CPU.Build.0 = Release|Any CPU
	EndGlobalSection
	GlobalSection(SolutionProperties) = preSolution
		HideSolutionNode = FALSE
	EndGlobalSection
	GlobalSection(ExtensibilityGlobals) = postSolution
		SolutionGuid = {B3B5AC39-1F3B-4AB9-BC8B-095AE93C5803}
	EndGlobalSection
EndGlobal
